<?xml version="1.0" encoding="utf-8"?>
<Project ToolsVersion="4.0" xmlns="http://schemas.microsoft.com/developer/msbuild/2003">
  <ItemGroup>
    <Filter Include="소스 파일">
      <UniqueIdentifier>{4FC737F1-C7A5-4376-A066-2A32D752A2FF}</UniqueIdentifier>
      <Extensions>cpp;c;cc;cxx;def;odl;idl;hpj;bat;asm;asmx</Extensions>
    </Filter>
    <Filter Include="헤더 파일">
      <UniqueIdentifier>{93995380-89BD-4b04-88EB-625FBE52EBFB}</UniqueIdentifier>
      <Extensions>h;hh;hpp;hxx;hm;inl;inc;xsd</Extensions>
    </Filter>
    <Filter Include="리소스 파일">
      <UniqueIdentifier>{67DA6AB6-F800-4c08-8B7A-83BB121AAD01}</UniqueIdentifier>
      <Extensions>rc;ico;cur;bmp;dlg;rc2;rct;bin;rgs;gif;jpg;jpeg;jpe;resx;tiff;tif;png;wav;mfcribbon-ms</Extensions>
    </Filter>
    <Filter Include="2DGameFramwork">
      <UniqueIdentifier>{f8abb0df-a123-4319-add2-b5cb68e84dea}</UniqueIdentifier>
    </Filter>
    <Filter Include="2DGameFramwork\Manager">
      <UniqueIdentifier>{6d1d1bae-2062-4e3b-a268-df6a156c3bb6}</UniqueIdentifier>
    </Filter>
    <Filter Include="2DGameFramwork\UTIL">
      <UniqueIdentifier>{7014d727-1db9-4832-9463-3b7aa50f4992}</UniqueIdentifier>
    </Filter>
    <Filter Include="2DGameFramwork\progressBar">
      <UniqueIdentifier>{a815a44b-9b24-4f4f-ba41-24d9abf1c8ae}</UniqueIdentifier>
    </Filter>
    <Filter Include="2DGameFramwork\singletonBase">
      <UniqueIdentifier>{2f192de8-2132-4159-8836-26147af2fdc3}</UniqueIdentifier>
    </Filter>
    <Filter Include="2DGameFramwork\txtData">
      <UniqueIdentifier>{196e8e20-636b-4f20-81cf-cecd970e5acd}</UniqueIdentifier>
    </Filter>
    <Filter Include="MainGame">
      <UniqueIdentifier>{3ab3cd51-2503-45d1-aea6-be467beec064}</UniqueIdentifier>
    </Filter>
    <Filter Include="2DGameFramwork\Effect">
      <UniqueIdentifier>{eb58270f-0405-4d9e-b41d-dddae717589b}</UniqueIdentifier>
    </Filter>
    <Filter Include="2DGameFramwork\Timer">
      <UniqueIdentifier>{ca261757-a957-4733-888c-86891a10224d}</UniqueIdentifier>
    </Filter>
    <Filter Include="2DGameFramwork\Animation">
      <UniqueIdentifier>{b093d966-89d2-4d28-897f-99b37cc271e0}</UniqueIdentifier>
    </Filter>
    <Filter Include="2DGameFramwork\Button">
      <UniqueIdentifier>{018cceee-516b-45a8-8450-837b31f1ae53}</UniqueIdentifier>
    </Filter>
    <Filter Include="2DGameFramwork\Loading">
      <UniqueIdentifier>{27cffca3-22f8-45d8-adac-3b6b20065a69}</UniqueIdentifier>
    </Filter>
    <Filter Include="2DGameFramwork\Image">
      <UniqueIdentifier>{d24ecfc0-bfc4-46f9-91a2-c64994ad7848}</UniqueIdentifier>
    </Filter>
    <Filter Include="MainGame\Player">
      <UniqueIdentifier>{ade8f5f9-9800-472a-83cd-ad71b7d0b4f3}</UniqueIdentifier>
    </Filter>
    <Filter Include="MainGame\Scene">
      <UniqueIdentifier>{49154479-a5a8-4c69-985d-da32af2898e1}</UniqueIdentifier>
    </Filter>
    <Filter Include="MainGame\Item">
      <UniqueIdentifier>{57dff9c6-9ab9-4337-bd04-d0710d3023ca}</UniqueIdentifier>
    </Filter>
    <Filter Include="MainGame\Enemy">
      <UniqueIdentifier>{812aa9ea-2d8a-43fb-aeae-2b16650aa748}</UniqueIdentifier>
    </Filter>
    <Filter Include="MainGame\database">
      <UniqueIdentifier>{66acfdc0-4bdd-45c5-a6ec-2c325a886a72}</UniqueIdentifier>
    </Filter>
  </ItemGroup>
  <ItemGroup>
    <Text Include="ReadMe.txt" />
  </ItemGroup>
  <ItemGroup>
    <ClInclude Include="stdafx.h">
      <Filter>헤더 파일</Filter>
    </ClInclude>
    <ClInclude Include="targetver.h">
      <Filter>헤더 파일</Filter>
    </ClInclude>
    <ClInclude Include="commonMacroFunction.h">
      <Filter>헤더 파일</Filter>
    </ClInclude>
    <ClInclude Include="randomFunction.h">
      <Filter>헤더 파일</Filter>
    </ClInclude>
    <ClInclude Include="image.h">
      <Filter>2DGameFramwork\Image</Filter>
    </ClInclude>
    <ClInclude Include="imageManager.h">
      <Filter>2DGameFramwork\Manager</Filter>
    </ClInclude>
    <ClInclude Include="keyManager.h">
      <Filter>2DGameFramwork\Manager</Filter>
    </ClInclude>
    <ClInclude Include="progressBar.h">
      <Filter>2DGameFramwork\progressBar</Filter>
    </ClInclude>
    <ClInclude Include="utils.h">
      <Filter>2DGameFramwork\UTIL</Filter>
    </ClInclude>
    <ClInclude Include="singletonBase.h">
      <Filter>2DGameFramwork\singletonBase</Filter>
    </ClInclude>
    <ClInclude Include="txtData.h">
      <Filter>2DGameFramwork\txtData</Filter>
    </ClInclude>
    <ClInclude Include="mainGame.h">
      <Filter>MainGame</Filter>
    </ClInclude>
    <ClInclude Include="gameNode.h">
      <Filter>2DGameFramwork</Filter>
    </ClInclude>
    <ClInclude Include="soundManager.h">
      <Filter>2DGameFramwork\Manager</Filter>
    </ClInclude>
    <ClInclude Include="effectManager.h">
      <Filter>2DGameFramwork\Manager</Filter>
    </ClInclude>
    <ClInclude Include="timeManager.h">
      <Filter>2DGameFramwork\Manager</Filter>
    </ClInclude>
    <ClInclude Include="effect.h">
      <Filter>2DGameFramwork\Effect</Filter>
    </ClInclude>
    <ClInclude Include="timer.h">
      <Filter>2DGameFramwork\Timer</Filter>
    </ClInclude>
    <ClInclude Include="animation.h">
      <Filter>2DGameFramwork\Animation</Filter>
    </ClInclude>
    <ClInclude Include="loading.h">
      <Filter>2DGameFramwork\Loading</Filter>
    </ClInclude>
    <ClInclude Include="button.h">
      <Filter>2DGameFramwork\Button</Filter>
    </ClInclude>
    <ClInclude Include="keyAniManager.h">
      <Filter>2DGameFramwork\Manager</Filter>
    </ClInclude>
    <ClInclude Include="sceneManager.h">
      <Filter>2DGameFramwork\Manager</Filter>
    </ClInclude>
    <ClInclude Include="openingScene.h">
      <Filter>MainGame\Scene</Filter>
    </ClInclude>
    <ClInclude Include="worldMapScene.h">
      <Filter>MainGame\Scene</Filter>
    </ClInclude>
    <ClInclude Include="stagePlayer.h">
      <Filter>MainGame\Player</Filter>
    </ClInclude>
    <ClInclude Include="nymphStage.h">
      <Filter>MainGame\Scene</Filter>
    </ClInclude>
    <ClInclude Include="inventoryScene.h">
      <Filter>MainGame\Scene</Filter>
    </ClInclude>
    <ClInclude Include="item.h">
      <Filter>MainGame\Item</Filter>
    </ClInclude>
    <ClInclude Include="database.h">
      <Filter>MainGame\database</Filter>
    </ClInclude>
    <ClInclude Include="sceneEffect.h">
      <Filter>MainGame</Filter>
    </ClInclude>
    <ClInclude Include="stage1.h">
      <Filter>MainGame\Scene</Filter>
    </ClInclude>
    <ClInclude Include="statusScene.h">
      <Filter>MainGame\Scene</Filter>
    </ClInclude>
    <ClInclude Include="minimapScene.h">
      <Filter>MainGame\Scene</Filter>
    </ClInclude>
    <ClInclude Include="cheststage.h">
      <Filter>MainGame\Scene</Filter>
    </ClInclude>
    <ClInclude Include="stage2.h">
      <Filter>MainGame\Scene</Filter>
    </ClInclude>
    <ClInclude Include="stage3.h">
      <Filter>MainGame\Scene</Filter>
    </ClInclude>
    <ClInclude Include="UI.h">
      <Filter>MainGame\Scene</Filter>
    </ClInclude>
    <ClInclude Include="worldPlayer.h">
      <Filter>MainGame\Player</Filter>
    </ClInclude>
    <ClInclude Include="littleWorm.h">
      <Filter>MainGame\Enemy</Filter>
    </ClInclude>
    <ClInclude Include="bigWorm.h">
      <Filter>MainGame\Enemy</Filter>
    </ClInclude>
    <ClInclude Include="darkForest.h">
      <Filter>MainGame\Scene</Filter>
    </ClInclude>
    <ClInclude Include="bossScene.h">
      <Filter>MainGame\Scene</Filter>
    </ClInclude>
  </ItemGroup>
  <ItemGroup>
    <ClCompile Include="stdafx.cpp">
      <Filter>소스 파일</Filter>
    </ClCompile>
    <ClCompile Include="winMain.cpp">
      <Filter>소스 파일</Filter>
    </ClCompile>
    <ClCompile Include="image.cpp">
      <Filter>2DGameFramwork\Image</Filter>
    </ClCompile>
    <ClCompile Include="imageManager.cpp">
      <Filter>2DGameFramwork\Manager</Filter>
    </ClCompile>
    <ClCompile Include="keyManager.cpp">
      <Filter>2DGameFramwork\Manager</Filter>
    </ClCompile>
    <ClCompile Include="progressBar.cpp">
      <Filter>2DGameFramwork\progressBar</Filter>
    </ClCompile>
    <ClCompile Include="utils.cpp">
      <Filter>2DGameFramwork\UTIL</Filter>
    </ClCompile>
    <ClCompile Include="txtData.cpp">
      <Filter>2DGameFramwork\txtData</Filter>
    </ClCompile>
    <ClCompile Include="mainGame.cpp">
      <Filter>MainGame</Filter>
    </ClCompile>
    <ClCompile Include="gameNode.cpp">
      <Filter>2DGameFramwork</Filter>
    </ClCompile>
    <ClCompile Include="soundManager.cpp">
      <Filter>2DGameFramwork\Manager</Filter>
    </ClCompile>
    <ClCompile Include="effectManager.cpp">
      <Filter>2DGameFramwork\Manager</Filter>
    </ClCompile>
    <ClCompile Include="timeManager.cpp">
      <Filter>2DGameFramwork\Manager</Filter>
    </ClCompile>
    <ClCompile Include="effect.cpp">
      <Filter>2DGameFramwork\Effect</Filter>
    </ClCompile>
    <ClCompile Include="timer.cpp">
      <Filter>2DGameFramwork\Timer</Filter>
    </ClCompile>
    <ClCompile Include="animation.cpp">
      <Filter>2DGameFramwork\Animation</Filter>
    </ClCompile>
    <ClCompile Include="loading.cpp">
      <Filter>2DGameFramwork\Loading</Filter>
    </ClCompile>
    <ClCompile Include="button.cpp">
      <Filter>2DGameFramwork\Button</Filter>
    </ClCompile>
    <ClCompile Include="keyAniManager.cpp">
      <Filter>2DGameFramwork\Manager</Filter>
    </ClCompile>
    <ClCompile Include="sceneManager.cpp">
      <Filter>2DGameFramwork\Manager</Filter>
    </ClCompile>
    <ClCompile Include="openingScene.cpp">
      <Filter>MainGame\Scene</Filter>
    </ClCompile>
    <ClCompile Include="worldMapScene.cpp">
      <Filter>MainGame\Scene</Filter>
    </ClCompile>
    <ClCompile Include="stagePlayer.cpp">
      <Filter>MainGame\Player</Filter>
    </ClCompile>
    <ClCompile Include="nymphStage.cpp">
      <Filter>MainGame\Scene</Filter>
    </ClCompile>
    <ClCompile Include="mainGame_Image.cpp">
      <Filter>MainGame</Filter>
    </ClCompile>
    <ClCompile Include="inventoryScene.cpp">
      <Filter>MainGame\Scene</Filter>
    </ClCompile>
    <ClCompile Include="item.cpp">
      <Filter>MainGame\Item</Filter>
    </ClCompile>
    <ClCompile Include="database.cpp">
      <Filter>MainGame\database</Filter>
    </ClCompile>
    <ClCompile Include="sceneEffect.cpp">
      <Filter>MainGame</Filter>
    </ClCompile>
    <ClCompile Include="stage1.cpp">
      <Filter>MainGame\Scene</Filter>
    </ClCompile>
    <ClCompile Include="statusScene.cpp">
      <Filter>MainGame\Scene</Filter>
    </ClCompile>
    <ClCompile Include="minimapScene.cpp">
      <Filter>MainGame\Scene</Filter>
    </ClCompile>
    <ClCompile Include="cheststage.cpp">
      <Filter>MainGame\Scene</Filter>
    </ClCompile>
    <ClCompile Include="stage2.cpp">
      <Filter>MainGame\Scene</Filter>
    </ClCompile>
    <ClCompile Include="stage3.cpp">
      <Filter>MainGame\Scene</Filter>
    </ClCompile>
    <ClCompile Include="UI.cpp">
      <Filter>MainGame\Scene</Filter>
    </ClCompile>
    <ClCompile Include="worldPlayer.cpp">
      <Filter>MainGame\Player</Filter>
    </ClCompile>
    <ClCompile Include="mainGame_Sound.cpp">
      <Filter>MainGame</Filter>
    </ClCompile>
    <ClCompile Include="littleWorm.cpp">
      <Filter>MainGame\Enemy</Filter>
    </ClCompile>
    <ClCompile Include="bigWorm.cpp">
      <Filter>MainGame\Enemy</Filter>
    </ClCompile>
    <ClCompile Include="darkForest.cpp">
      <Filter>MainGame\Scene</Filter>
    </ClCompile>
    <ClCompile Include="bossScene.cpp">
      <Filter>MainGame\Scene</Filter>
    </ClCompile>
  </ItemGroup>
</Project>